Microsoft Visual Studio Solution File, Format Version 12.00
# Visual Studio Version 16
VisualStudioVersion = 25.0.1700.0
MinimumVisualStudioVersion = 10.0.40219.1
Project("{FAE04EC0-301F-11D3-BF4B-00C04F79EFBC}") = "CollatzSequence", "CollatzSequence\CollatzSequence.csproj", "{E6697211-FD00-4881-B0D9-C5D993435FFF}"
EndProject
Project("{2150E333-8FDC-42A3-9474-1A3956D46DE8}") = "Solution Items", "Solution Items", "{FA0B4D18-73E4-4B63-A495-2F797A068F6F}"
	ProjectSection(SolutionItems) = preProject
		.editorconfig = .editorconfig
		Directory.Build.props = Directory.Build.props
	EndProjectSection
EndProject
Project("{FAE04EC0-301F-11D3-BF4B-00C04F79EFBC}") = "CollatzSequenceTests", "CollatzSequenceTests\CollatzSequenceTests.csproj", "{B0B99A9D-187C-4441-AAAE-5F1B70A8771B}"
EndProject
Global
	GlobalSection(SolutionConfigurationPlatforms) = preSolution
		Debug|Any CPU = Debug|Any CPU
		Release|Any CPU = Release|Any CPU
	EndGlobalSection
	GlobalSection(ProjectConfigurationPlatforms) = postSolution
		{E6697211-FD00-4881-B0D9-C5D993435FFF}.Debug|Any CPU.ActiveCfg = Debug|Any CPU
		{E6697211-FD00-4881-B0D9-C5D993435FFF}.Debug|Any CPU.Build.0 = Debug|Any CPU
		{E6697211-FD00-4881-B0D9-C5D993435FFF}.Release|Any CPU.ActiveCfg = Release|Any CPU
		{E6697211-FD00-4881-B0D9-C5D993435FFF}.Release|Any CPU.Build.0 = Release|Any CPU
		{B0B99A9D-187C-4441-AAAE-5F1B70A8771B}.Debug|Any CPU.ActiveCfg = Debug|Any CPU
		{B0B99A9D-187C-4441-AAAE-5F1B70A8771B}.Debug|Any CPU.Build.0 = Debug|Any CPU
		{B0B99A9D-187C-4441-AAAE-5F1B70A8771B}.Release|Any CPU.ActiveCfg = Release|Any CPU
		{B0B99A9D-187C-4441-AAAE-5F1B70A8771B}.Release|Any CPU.Build.0 = Release|Any CPU
	EndGlobalSection
	GlobalSection(SolutionProperties) = preSolution
		HideSolutionNode = FALSE
	EndGlobalSection
	GlobalSection(ExtensibilityGlobals) = postSolution
		SolutionGuid = {95D3CBAC-D780-44A8-8B13-AE9470D64CD1}
	EndGlobalSection
	GlobalSection(MonoDevelopProperties) = preSolution
		Policies = $0
		$0.TextStylePolicy = $1
		$1.FileWidth = 80
		$1.TabsToSpaces = True
		$1.scope = text/x-csharp
		$0.CSharpFormattingPolicy = $2
		$2.scope = text/x-csharp
		$0.TextStylePolicy = $3
		$3.FileWidth = 80
		$3.TabsToSpaces = True
		$3.scope = text/plain
		$0.StandardHeader = $4
	EndGlobalSection
EndGlobal
